
Microsoft Visual Studio Solution File, Format Version 12.00
# Visual Studio Version 16
VisualStudioVersion = 16.0.32228.343
MinimumVisualStudioVersion = 10.0.40219.1
Project("{FAE04EC0-301F-11D3-BF4B-00C04F79EFBC}") = "SAEP22", "SAEP22.csproj", "{6B2A4C85-ACB4-44C0-8E6D-D7EE46E80B6C}"
EndProject
Global
	GlobalSection(SolutionConfigurationPlatforms) = preSolution
		Debug|Any CPU = Debug|Any CPU
		Release|Any CPU = Release|Any CPU
	EndGlobalSection
	GlobalSection(ProjectConfigurationPlatforms) = postSolution
		{6B2A4C85-ACB4-44C0-8E6D-D7EE46E80B6C}.Debug|Any CPU.ActiveCfg = Debug|Any CPU
		{6B2A4C85-ACB4-44C0-8E6D-D7EE46E80B6C}.Debug|Any CPU.Build.0 = Debug|Any CPU
		{6B2A4C85-ACB4-44C0-8E6D-D7EE46E80B6C}.Release|Any CPU.ActiveCfg = Release|Any CPU
		{6B2A4C85-ACB4-44C0-8E6D-D7EE46E80B6C}.Release|Any CPU.Build.0 = Release|Any CPU
	EndGlobalSection
	GlobalSection(SolutionProperties) = preSolution
		HideSolutionNode = FALSE
	EndGlobalSection
	GlobalSection(ExtensibilityGlobals) = postSolution
		SolutionGuid = {A03A528B-0313-4E43-BA0A-C9316416FD27}
	EndGlobalSection
EndGlobal
